
Microsoft Visual Studio Solution File, Format Version 12.00
# Visual Studio Version 17
VisualStudioVersion = 17.12.35728.132
MinimumVisualStudioVersion = 10.0.40219.1
Project("{FAE04EC0-301F-11D3-BF4B-00C04F79EFBC}") = "TodoApp", "TodoApp\TodoApp.csproj", "{D01B11AF-E7DB-4579-B4B4-F2B8FCBB8E86}"
	ProjectSection(ProjectDependencies) = postProject
		{8E92C9D2-F52B-42C8-A889-B601E11635D5} = {8E92C9D2-F52B-42C8-A889-B601E11635D5}
		{E0888DA1-D6FA-47D6-A94C-E4C756BF7692} = {E0888DA1-D6FA-47D6-A94C-E4C756BF7692}
	EndProjectSection
EndProject
Project("{FAE04EC0-301F-11D3-BF4B-00C04F79EFBC}") = "TodoApp.Data", "TodoApp.Data\TodoApp.Data.csproj", "{8E92C9D2-F52B-42C8-A889-B601E11635D5}"
EndProject
Project("{FAE04EC0-301F-11D3-BF4B-00C04F79EFBC}") = "TodoApp.Business", "TodoApp.Business\TodoApp.Business.csproj", "{E0888DA1-D6FA-47D6-A94C-E4C756BF7692}"
EndProject
Global
	GlobalSection(SolutionConfigurationPlatforms) = preSolution
		Debug|Any CPU = Debug|Any CPU
		Release|Any CPU = Release|Any CPU
	EndGlobalSection
	GlobalSection(ProjectConfigurationPlatforms) = postSolution
		{D01B11AF-E7DB-4579-B4B4-F2B8FCBB8E86}.Debug|Any CPU.ActiveCfg = Debug|Any CPU
		{D01B11AF-E7DB-4579-B4B4-F2B8FCBB8E86}.Debug|Any CPU.Build.0 = Debug|Any CPU
		{D01B11AF-E7DB-4579-B4B4-F2B8FCBB8E86}.Release|Any CPU.ActiveCfg = Release|Any CPU
		{D01B11AF-E7DB-4579-B4B4-F2B8FCBB8E86}.Release|Any CPU.Build.0 = Release|Any CPU
		{8E92C9D2-F52B-42C8-A889-B601E11635D5}.Debug|Any CPU.ActiveCfg = Debug|Any CPU
		{8E92C9D2-F52B-42C8-A889-B601E11635D5}.Debug|Any CPU.Build.0 = Debug|Any CPU
		{8E92C9D2-F52B-42C8-A889-B601E11635D5}.Release|Any CPU.ActiveCfg = Release|Any CPU
		{8E92C9D2-F52B-42C8-A889-B601E11635D5}.Release|Any CPU.Build.0 = Release|Any CPU
		{E0888DA1-D6FA-47D6-A94C-E4C756BF7692}.Debug|Any CPU.ActiveCfg = Debug|Any CPU
		{E0888DA1-D6FA-47D6-A94C-E4C756BF7692}.Debug|Any CPU.Build.0 = Debug|Any CPU
		{E0888DA1-D6FA-47D6-A94C-E4C756BF7692}.Release|Any CPU.ActiveCfg = Release|Any CPU
		{E0888DA1-D6FA-47D6-A94C-E4C756BF7692}.Release|Any CPU.Build.0 = Release|Any CPU
	EndGlobalSection
	GlobalSection(SolutionProperties) = preSolution
		HideSolutionNode = FALSE
	EndGlobalSection
	GlobalSection(ExtensibilityGlobals) = postSolution
		SolutionGuid = {131B3896-811C-42B2-BA7B-F191D8F1661F}
	EndGlobalSection
EndGlobal
